
Microsoft Visual Studio Solution File, Format Version 12.00
# Visual Studio Version 16
VisualStudioVersion = 16.0.30413.136
MinimumVisualStudioVersion = 10.0.40219.1
Project("{FAE04EC0-301F-11D3-BF4B-00C04F79EFBC}") = "WindowsFormsApp3", "WindowsFormsApp3\WindowsFormsApp3.csproj", "{4E6E5254-6671-4163-A347-00A5F6DDAA3C}"
EndProject
Global
	GlobalSection(SolutionConfigurationPlatforms) = preSolution
		Debug|Any CPU = Debug|Any CPU
		Release|Any CPU = Release|Any CPU
	EndGlobalSection
	GlobalSection(ProjectConfigurationPlatforms) = postSolution
		{4E6E5254-6671-4163-A347-00A5F6DDAA3C}.Debug|Any CPU.ActiveCfg = Debug|Any CPU
		{4E6E5254-6671-4163-A347-00A5F6DDAA3C}.Debug|Any CPU.Build.0 = Debug|Any CPU
		{4E6E5254-6671-4163-A347-00A5F6DDAA3C}.Release|Any CPU.ActiveCfg = Release|Any CPU
		{4E6E5254-6671-4163-A347-00A5F6DDAA3C}.Release|Any CPU.Build.0 = Release|Any CPU
	EndGlobalSection
	GlobalSection(SolutionProperties) = preSolution
		HideSolutionNode = FALSE
	EndGlobalSection
	GlobalSection(ExtensibilityGlobals) = postSolution
		SolutionGuid = {0426D555-26FC-4436-BA5E-C972E3C6D05E}
	EndGlobalSection
EndGlobal
